
Microsoft Visual Studio Solution File, Format Version 12.00
# Visual Studio Version 17
VisualStudioVersion = 17.9.34616.47
MinimumVisualStudioVersion = 10.0.40219.1
Project("{FAE04EC0-301F-11D3-BF4B-00C04F79EFBC}") = "ASPShopV2", "ASPShopV2.csproj", "{A60977FD-BE0B-42ED-889B-96F46401CFCE}"
EndProject
Global
	GlobalSection(SolutionConfigurationPlatforms) = preSolution
		Debug|Any CPU = Debug|Any CPU
		Release|Any CPU = Release|Any CPU
	EndGlobalSection
	GlobalSection(ProjectConfigurationPlatforms) = postSolution
		{A60977FD-BE0B-42ED-889B-96F46401CFCE}.Debug|Any CPU.ActiveCfg = Debug|Any CPU
		{A60977FD-BE0B-42ED-889B-96F46401CFCE}.Debug|Any CPU.Build.0 = Debug|Any CPU
		{A60977FD-BE0B-42ED-889B-96F46401CFCE}.Release|Any CPU.ActiveCfg = Release|Any CPU
		{A60977FD-BE0B-42ED-889B-96F46401CFCE}.Release|Any CPU.Build.0 = Release|Any CPU
	EndGlobalSection
	GlobalSection(SolutionProperties) = preSolution
		HideSolutionNode = FALSE
	EndGlobalSection
	GlobalSection(ExtensibilityGlobals) = postSolution
		SolutionGuid = {30679A1D-769E-4F2B-948D-15195473E4F4}
	EndGlobalSection
EndGlobal
